
Microsoft Visual Studio Solution File, Format Version 12.00
# Visual Studio Version 17
VisualStudioVersion = 17.14.36109.1 d17.14
MinimumVisualStudioVersion = 10.0.40219.1
Project("{FAE04EC0-301F-11D3-BF4B-00C04F79EFBC}") = "CadastroParaAlunos", "CadastroParaAlunos.csproj", "{A2B3C73B-8FEB-4C57-82F6-7D0E9265D431}"
EndProject
Global
	GlobalSection(SolutionConfigurationPlatforms) = preSolution
		Debug|Any CPU = Debug|Any CPU
		Release|Any CPU = Release|Any CPU
	EndGlobalSection
	GlobalSection(ProjectConfigurationPlatforms) = postSolution
		{A2B3C73B-8FEB-4C57-82F6-7D0E9265D431}.Debug|Any CPU.ActiveCfg = Debug|Any CPU
		{A2B3C73B-8FEB-4C57-82F6-7D0E9265D431}.Debug|Any CPU.Build.0 = Debug|Any CPU
		{A2B3C73B-8FEB-4C57-82F6-7D0E9265D431}.Release|Any CPU.ActiveCfg = Release|Any CPU
		{A2B3C73B-8FEB-4C57-82F6-7D0E9265D431}.Release|Any CPU.Build.0 = Release|Any CPU
	EndGlobalSection
	GlobalSection(SolutionProperties) = preSolution
		HideSolutionNode = FALSE
	EndGlobalSection
	GlobalSection(ExtensibilityGlobals) = postSolution
		SolutionGuid = {FB7F8D1A-4F2F-425A-B49D-899A4011D214}
	EndGlobalSection
EndGlobal
